
Microsoft Visual Studio Solution File, Format Version 12.00
# Visual Studio Version 16
VisualStudioVersion = 16.0.30114.105
MinimumVisualStudioVersion = 10.0.40219.1
Project("{FAE04EC0-301F-11D3-BF4B-00C04F79EFBC}") = "quiz.domain", "quiz.domain\quiz.domain.csproj", "{4F0DE61F-2603-4C12-9722-9525ACAFD160}"
EndProject
Project("{FAE04EC0-301F-11D3-BF4B-00C04F79EFBC}") = "quiz.infrastructure", "quiz.infrastructure\quiz.infrastructure.csproj", "{5AD72CA1-73CE-437F-8C93-B5473572F71A}"
EndProject
Project("{FAE04EC0-301F-11D3-BF4B-00C04F79EFBC}") = "tests", "tests\tests.csproj", "{88864F49-C7B9-4A15-93AC-33CFAA00140B}"
EndProject
Global
	GlobalSection(SolutionConfigurationPlatforms) = preSolution
		Debug|Any CPU = Debug|Any CPU
		Release|Any CPU = Release|Any CPU
	EndGlobalSection
	GlobalSection(SolutionProperties) = preSolution
		HideSolutionNode = FALSE
	EndGlobalSection
	GlobalSection(ProjectConfigurationPlatforms) = postSolution
		{4F0DE61F-2603-4C12-9722-9525ACAFD160}.Debug|Any CPU.ActiveCfg = Debug|Any CPU
		{4F0DE61F-2603-4C12-9722-9525ACAFD160}.Debug|Any CPU.Build.0 = Debug|Any CPU
		{4F0DE61F-2603-4C12-9722-9525ACAFD160}.Release|Any CPU.ActiveCfg = Release|Any CPU
		{4F0DE61F-2603-4C12-9722-9525ACAFD160}.Release|Any CPU.Build.0 = Release|Any CPU
		{5AD72CA1-73CE-437F-8C93-B5473572F71A}.Debug|Any CPU.ActiveCfg = Debug|Any CPU
		{5AD72CA1-73CE-437F-8C93-B5473572F71A}.Debug|Any CPU.Build.0 = Debug|Any CPU
		{5AD72CA1-73CE-437F-8C93-B5473572F71A}.Release|Any CPU.ActiveCfg = Release|Any CPU
		{5AD72CA1-73CE-437F-8C93-B5473572F71A}.Release|Any CPU.Build.0 = Release|Any CPU
		{88864F49-C7B9-4A15-93AC-33CFAA00140B}.Debug|Any CPU.ActiveCfg = Debug|Any CPU
		{88864F49-C7B9-4A15-93AC-33CFAA00140B}.Debug|Any CPU.Build.0 = Debug|Any CPU
		{88864F49-C7B9-4A15-93AC-33CFAA00140B}.Release|Any CPU.ActiveCfg = Release|Any CPU
		{88864F49-C7B9-4A15-93AC-33CFAA00140B}.Release|Any CPU.Build.0 = Release|Any CPU
	EndGlobalSection
EndGlobal
